
Microsoft Visual Studio Solution File, Format Version 12.00
# Visual Studio Version 17
VisualStudioVersion = 17.0.31903.59
MinimumVisualStudioVersion = 10.0.40219.1
Project("{FAE04EC0-301F-11D3-BF4B-00C04F79EFBC}") = "Attendance.Client", "Attendance.Client\Attendance.Client.csproj", "{5619210D-AD5C-4C7D-A525-63C2B3AF07A2}"
EndProject
Project("{FAE04EC0-301F-11D3-BF4B-00C04F79EFBC}") = "Attendance.Server", "Attendance.Server\Attendance.Server.csproj", "{52B88161-5C24-41FB-8873-1ED2495DEE6C}"
EndProject
Project("{FAE04EC0-301F-11D3-BF4B-00C04F79EFBC}") = "Attendance.Shared", "Attendance.Shared\Attendance.Shared.csproj", "{9587D1EF-E43C-4037-A583-3480A0B960B2}"
EndProject
Global
	GlobalSection(SolutionConfigurationPlatforms) = preSolution
		Debug|Any CPU = Debug|Any CPU
		Release|Any CPU = Release|Any CPU
	EndGlobalSection
	GlobalSection(SolutionProperties) = preSolution
		HideSolutionNode = FALSE
	EndGlobalSection
	GlobalSection(ProjectConfigurationPlatforms) = postSolution
		{5619210D-AD5C-4C7D-A525-63C2B3AF07A2}.Debug|Any CPU.ActiveCfg = Debug|Any CPU
		{5619210D-AD5C-4C7D-A525-63C2B3AF07A2}.Debug|Any CPU.Build.0 = Debug|Any CPU
		{5619210D-AD5C-4C7D-A525-63C2B3AF07A2}.Release|Any CPU.ActiveCfg = Release|Any CPU
		{5619210D-AD5C-4C7D-A525-63C2B3AF07A2}.Release|Any CPU.Build.0 = Release|Any CPU
		{52B88161-5C24-41FB-8873-1ED2495DEE6C}.Debug|Any CPU.ActiveCfg = Debug|Any CPU
		{52B88161-5C24-41FB-8873-1ED2495DEE6C}.Debug|Any CPU.Build.0 = Debug|Any CPU
		{52B88161-5C24-41FB-8873-1ED2495DEE6C}.Release|Any CPU.ActiveCfg = Release|Any CPU
		{52B88161-5C24-41FB-8873-1ED2495DEE6C}.Release|Any CPU.Build.0 = Release|Any CPU
		{9587D1EF-E43C-4037-A583-3480A0B960B2}.Debug|Any CPU.ActiveCfg = Debug|Any CPU
		{9587D1EF-E43C-4037-A583-3480A0B960B2}.Debug|Any CPU.Build.0 = Debug|Any CPU
		{9587D1EF-E43C-4037-A583-3480A0B960B2}.Release|Any CPU.ActiveCfg = Release|Any CPU
		{9587D1EF-E43C-4037-A583-3480A0B960B2}.Release|Any CPU.Build.0 = Release|Any CPU
	EndGlobalSection
EndGlobal
